// !$*UTF8*$!
{
	archiveVersion = 1;
	classes = {
	};
	objectVersion = 77;
	objects = {

/* Begin PBXBuildFile section */
		328540C12ECCD8310021D1D5 /* ModelUserProfile.swift in Sources */ = {isa = PBXBuildFile; fileRef = 328540C02ECCD8310021D1D5 /* ModelUserProfile.swift */; };
		329934472ECABD75004FB772 /* FirebaseAnalytics in Frameworks */ = {isa = PBXBuildFile; productRef = 329934462ECABD75004FB772 /* FirebaseAnalytics */; };
		329934492ECABD75004FB772 /* FirebaseAuth in Frameworks */ = {isa = PBXBuildFile; productRef = 329934482ECABD75004FB772 /* FirebaseAuth */; };
		3299344B2ECABD75004FB772 /* FirebaseFirestore in Frameworks */ = {isa = PBXBuildFile; productRef = 3299344A2ECABD75004FB772 /* FirebaseFirestore */; };
		3299344D2ECABD75004FB772 /* FirebaseMessaging in Frameworks */ = {isa = PBXBuildFile; productRef = 3299344C2ECABD75004FB772 /* FirebaseMessaging */; };
		3299344F2ECABD75004FB772 /* FirebaseStorage in Frameworks */ = {isa = PBXBuildFile; productRef = 3299344E2ECABD75004FB772 /* FirebaseStorage */; };
		32B2FB872ECD635B00294E23 /* FirebaseStorageCombine-Community in Frameworks */ = {isa = PBXBuildFile; productRef = 32B2FB862ECD635B00294E23 /* FirebaseStorageCombine-Community */; };
		32B2FC4F2ECD765E00294E23 /* EventAttendanceManager.swift in Sources */ = {isa = PBXBuildFile; fileRef = 32B2FC4E2ECD765D00294E23 /* EventAttendanceManager.swift */; };
		32B2FC512ECD767900294E23 /* AttendingFriendsView.swift in Sources */ = {isa = PBXBuildFile; fileRef = 32B2FC502ECD767900294E23 /* AttendingFriendsView.swift */; };
		337692E82ECAD43900DCDEBE /* AuthenticationManager.swift in Sources */ = {isa = PBXBuildFile; fileRef = 337692E72ECAD43900DCDEBE /* AuthenticationManager.swift */; };
		337692EA2ECAD45900DCDEBE /* AuthenticationView.swift in Sources */ = {isa = PBXBuildFile; fileRef = 337692E92ECAD45900DCDEBE /* AuthenticationView.swift */; };
/* End PBXBuildFile section */

/* Begin PBXFileReference section */
		328540C02ECCD8310021D1D5 /* ModelUserProfile.swift */ = {isa = PBXFileReference; lastKnownFileType = sourcecode.swift; path = ModelUserProfile.swift; sourceTree = "<group>"; };
		32B2FC4E2ECD765D00294E23 /* EventAttendanceManager.swift */ = {isa = PBXFileReference; lastKnownFileType = sourcecode.swift; path = EventAttendanceManager.swift; sourceTree = "<group>"; };
		32B2FC502ECD767900294E23 /* AttendingFriendsView.swift */ = {isa = PBXFileReference; lastKnownFileType = sourcecode.swift; path = AttendingFriendsView.swift; sourceTree = "<group>"; };
		32D747152EB3CC4000A15D5A /* HelloGT.app */ = {isa = PBXFileReference; explicitFileType = wrapper.application; includeInIndex = 0; path = HelloGT.app; sourceTree = BUILT_PRODUCTS_DIR; };
		337692E72ECAD43900DCDEBE /* AuthenticationManager.swift */ = {isa = PBXFileReference; lastKnownFileType = sourcecode.swift; path = AuthenticationManager.swift; sourceTree = "<group>"; };
		337692E92ECAD45900DCDEBE /* AuthenticationView.swift */ = {isa = PBXFileReference; lastKnownFileType = sourcecode.swift; path = AuthenticationView.swift; sourceTree = "<group>"; };
/* End PBXFileReference section */

/* Begin PBXFileSystemSynchronizedRootGroup section */
		32D747172EB3CC4000A15D5A /* HelloGT */ = {
			isa = PBXFileSystemSynchronizedRootGroup;
			path = HelloGT;
			sourceTree = "<group>";
		};
/* End PBXFileSystemSynchronizedRootGroup section */

/* Begin PBXFrameworksBuildPhase section */
		32D747122EB3CC4000A15D5A /* Frameworks */ = {
			isa = PBXFrameworksBuildPhase;
			buildActionMask = 2147483647;
			files = (
				3299344D2ECABD75004FB772 /* FirebaseMessaging in Frameworks */,
				329934472ECABD75004FB772 /* FirebaseAnalytics in Frameworks */,
				329934492ECABD75004FB772 /* FirebaseAuth in Frameworks */,
				3299344F2ECABD75004FB772 /* FirebaseStorage in Frameworks */,
				32B2FB872ECD635B00294E23 /* FirebaseStorageCombine-Community in Frameworks */,
				3299344B2ECABD75004FB772 /* FirebaseFirestore in Frameworks */,
			);
			runOnlyForDeploymentPostprocessing = 0;
		};
/* End PBXFrameworksBuildPhase section */

/* Begin PBXGroup section */
		32D7470C2EB3CC4000A15D5A = {
			isa = PBXGroup;
			children = (
				32D747172EB3CC4000A15D5A /* HelloGT */,
				32D747162EB3CC4000A15D5A /* Products */,
				337692E72ECAD43900DCDEBE /* AuthenticationManager.swift */,
				337692E92ECAD45900DCDEBE /* AuthenticationView.swift */,
				328540C02ECCD8310021D1D5 /* ModelUserProfile.swift */,
				32B2FC4E2ECD765D00294E23 /* EventAttendanceManager.swift */,
				32B2FC502ECD767900294E23 /* AttendingFriendsView.swift */,
			);
			sourceTree = "<group>";
		};
		32D747162EB3CC4000A15D5A /* Products */ = {
			isa = PBXGroup;
			children = (
				32D747152EB3CC4000A15D5A /* HelloGT.app */,
			);
			name = Products;
			sourceTree = "<group>";
		};
/* End PBXGroup section */

/* Begin PBXNativeTarget section */
		32D747142EB3CC4000A15D5A /* HelloGT */ = {
			isa = PBXNativeTarget;
			buildConfigurationList = 32D747202EB3CC4100A15D5A /* Build configuration list for PBXNativeTarget "HelloGT" */;
			buildPhases = (
				32D747112EB3CC4000A15D5A /* Sources */,
				32D747122EB3CC4000A15D5A /* Frameworks */,
				32D747132EB3CC4000A15D5A /* Resources */,
			);
			buildRules = (
			);
			dependencies = (
			);
			fileSystemSynchronizedGroups = (
				32D747172EB3CC4000A15D5A /* HelloGT */,
			);
			name = HelloGT;
			packageProductDependencies = (
				329934462ECABD75004FB772 /* FirebaseAnalytics */,
				329934482ECABD75004FB772 /* FirebaseAuth */,
				3299344A2ECABD75004FB772 /* FirebaseFirestore */,
				3299344C2ECABD75004FB772 /* FirebaseMessaging */,
				3299344E2ECABD75004FB772 /* FirebaseStorage */,
				32B2FB862ECD635B00294E23 /* FirebaseStorageCombine-Community */,
			);
			productName = HelloGT;
			productReference = 32D747152EB3CC4000A15D5A /* HelloGT.app */;
			productType = "com.apple.product-type.application";
		};
/* End PBXNativeTarget section */

/* Begin PBXProject section */
		32D7470D2EB3CC4000A15D5A /* Project object */ = {
			isa = PBXProject;
			attributes = {
				BuildIndependentTargetsInParallel = 1;
				LastSwiftUpdateCheck = 2600;
				LastUpgradeCheck = 2600;
				TargetAttributes = {
					32D747142EB3CC4000A15D5A = {
						CreatedOnToolsVersion = 26.0.1;
					};
				};
			};
			buildConfigurationList = 32D747102EB3CC4000A15D5A /* Build configuration list for PBXProject "HelloGT" */;
			developmentRegion = en;
			hasScannedForEncodings = 0;
			knownRegions = (
				en,
				Base,
			);
			mainGroup = 32D7470C2EB3CC4000A15D5A;
			minimizedProjectReferenceProxies = 1;
			packageReferences = (
				32A685FA2ECABA4900533C12 /* XCRemoteSwiftPackageReference "firebase-ios-sdk" */,
			);
			preferredProjectObjectVersion = 77;
			productRefGroup = 32D747162EB3CC4000A15D5A /* Products */;
			projectDirPath = "";
			projectRoot = "";
			targets = (
				32D747142EB3CC4000A15D5A /* HelloGT */,
			);
		};
/* End PBXProject section */

/* Begin PBXResourcesBuildPhase section */
		32D747132EB3CC4000A15D5A /* Resources */ = {
			isa = PBXResourcesBuildPhase;
			buildActionMask = 2147483647;
			files = (
			);
			runOnlyForDeploymentPostprocessing = 0;
		};
/* End PBXResourcesBuildPhase section */

/* Begin PBXSourcesBuildPhase section */
		32D747112EB3CC4000A15D5A /* Sources */ = {
			isa = PBXSourcesBuildPhase;
			buildActionMask = 2147483647;
			files = (
				328540C12ECCD8310021D1D5 /* ModelUserProfile.swift in Sources */,
				32B2FC4F2ECD765E00294E23 /* EventAttendanceManager.swift in Sources */,
				32B2FC512ECD767900294E23 /* AttendingFriendsView.swift in Sources */,
				337692EA2ECAD45900DCDEBE /* AuthenticationView.swift in Sources */,
				337692E82ECAD43900DCDEBE /* AuthenticationManager.swift in Sources */,
			);
			runOnlyForDeploymentPostprocessing = 0;
		};
/* End PBXSourcesBuildPhase section */

/* Begin XCBuildConfiguration section */
		32D7471E2EB3CC4100A15D5A /* Debug */ = {
			isa = XCBuildConfiguration;
			buildSettings = {
				ALWAYS_SEARCH_USER_PATHS = NO;
				ASSETCATALOG_COMPILER_GENERATE_SWIFT_ASSET_SYMBOL_EXTENSIONS = YES;
				CLANG_ANALYZER_NONNULL = YES;
				CLANG_ANALYZER_NUMBER_OBJECT_CONVERSION = YES_AGGRESSIVE;
				CLANG_CXX_LANGUAGE_STANDARD = "gnu++20";
				CLANG_ENABLE_MODULES = YES;
				CLANG_ENABLE_OBJC_ARC = YES;
				CLANG_ENABLE_OBJC_WEAK = YES;
				CLANG_WARN_BLOCK_CAPTURE_AUTORELEASING = YES;
				CLANG_WARN_BOOL_CONVERSION = YES;
				CLANG_WARN_COMMA = YES;
				CLANG_WARN_CONSTANT_CONVERSION = YES;
				CLANG_WARN_DEPRECATED_OBJC_IMPLEMENTATIONS = YES;
				CLANG_WARN_DIRECT_OBJC_ISA_USAGE = YES_ERROR;
				CLANG_WARN_DOCUMENTATION_COMMENTS = YES;
				CLANG_WARN_EMPTY_BODY = YES;
				CLANG_WARN_ENUM_CONVERSION = YES;
				CLANG_WARN_INFINITE_RECURSION = YES;
				CLANG_WARN_INT_CONVERSION = YES;
				CLANG_WARN_NON_LITERAL_NULL_CONVERSION = YES;
				CLANG_WARN_OBJC_IMPLICIT_RETAIN_SELF = YES;
				CLANG_WARN_OBJC_LITERAL_CONVERSION = YES;
				CLANG_WARN_OBJC_ROOT_CLASS = YES_ERROR;
				CLANG_WARN_QUOTED_INCLUDE_IN_FRAMEWORK_HEADER = YES;
				CLANG_WARN_RANGE_LOOP_ANALYSIS = YES;
				CLANG_WARN_STRICT_PROTOTYPES = YES;
				CLANG_WARN_SUSPICIOUS_MOVE = YES;
				CLANG_WARN_UNGUARDED_AVAILABILITY = YES_AGGRESSIVE;
				CLANG_WARN_UNREACHABLE_CODE = YES;
				CLANG_WARN__DUPLICATE_METHOD_MATCH = YES;
				COPY_PHASE_STRIP = NO;
				DEBUG_INFORMATION_FORMAT = dwarf;
				ENABLE_STRICT_OBJC_MSGSEND = YES;
				ENABLE_TESTABILITY = YES;
				ENABLE_USER_SCRIPT_SANDBOXING = YES;
				GCC_C_LANGUAGE_STANDARD = gnu17;
				GCC_DYNAMIC_NO_PIC = NO;
				GCC_NO_COMMON_BLOCKS = YES;
				GCC_OPTIMIZATION_LEVEL = 0;
				GCC_PREPROCESSOR_DEFINITIONS = (
					"DEBUG=1",
					"$(inherited)",
				);
				GCC_WARN_64_TO_32_BIT_CONVERSION = YES;
				GCC_WARN_ABOUT_RETURN_TYPE = YES_ERROR;
				GCC_WARN_UNDECLARED_SELECTOR = YES;
				GCC_WARN_UNINITIALIZED_AUTOS = YES_AGGRESSIVE;
				GCC_WARN_UNUSED_FUNCTION = YES;
				GCC_WARN_UNUSED_VARIABLE = YES;
				IPHONEOS_DEPLOYMENT_TARGET = 26.0;
				LOCALIZATION_PREFERS_STRING_CATALOGS = YES;
				MTL_ENABLE_DEBUG_INFO = INCLUDE_SOURCE;
				MTL_FAST_MATH = YES;
				ONLY_ACTIVE_ARCH = YES;
				SDKROOT = iphoneos;
				SWIFT_ACTIVE_COMPILATION_CONDITIONS = "DEBUG $(inherited)";
				SWIFT_OPTIMIZATION_LEVEL = "-Onone";
			};
			name = Debug;
		};
		32D7471F2EB3CC4100A15D5A /* Release */ = {
			isa = XCBuildConfiguration;
			buildSettings = {
				ALWAYS_SEARCH_USER_PATHS = NO;
				ASSETCATALOG_COMPILER_GENERATE_SWIFT_ASSET_SYMBOL_EXTENSIONS = YES;
				CLANG_ANALYZER_NONNULL = YES;
				CLANG_ANALYZER_NUMBER_OBJECT_CONVERSION = YES_AGGRESSIVE;
				CLANG_CXX_LANGUAGE_STANDARD = "gnu++20";
				CLANG_ENABLE_MODULES = YES;
				CLANG_ENABLE_OBJC_ARC = YES;
				CLANG_ENABLE_OBJC_WEAK = YES;
				CLANG_WARN_BLOCK_CAPTURE_AUTORELEASING = YES;
				CLANG_WARN_BOOL_CONVERSION = YES;
				CLANG_WARN_COMMA = YES;
				CLANG_WARN_CONSTANT_CONVERSION = YES;
				CLANG_WARN_DEPRECATED_OBJC_IMPLEMENTATIONS = YES;
				CLANG_WARN_DIRECT_OBJC_ISA_USAGE = YES_ERROR;
				CLANG_WARN_DOCUMENTATION_COMMENTS = YES;
				CLANG_WARN_EMPTY_BODY = YES;
				CLANG_WARN_ENUM_CONVERSION = YES;
				CLANG_WARN_INFINITE_RECURSION = YES;
				CLANG_WARN_INT_CONVERSION = YES;
				CLANG_WARN_NON_LITERAL_NULL_CONVERSION = YES;
				CLANG_WARN_OBJC_IMPLICIT_RETAIN_SELF = YES;
				CLANG_WARN_OBJC_LITERAL_CONVERSION = YES;
				CLANG_WARN_OBJC_ROOT_CLASS = YES_ERROR;
				CLANG_WARN_QUOTED_INCLUDE_IN_FRAMEWORK_HEADER = YES;
				CLANG_WARN_RANGE_LOOP_ANALYSIS = YES;
				CLANG_WARN_STRICT_PROTOTYPES = YES;
				CLANG_WARN_SUSPICIOUS_MOVE = YES;
				CLANG_WARN_UNGUARDED_AVAILABILITY = YES_AGGRESSIVE;
				CLANG_WARN_UNREACHABLE_CODE = YES;
				CLANG_WARN__DUPLICATE_METHOD_MATCH = YES;
				COPY_PHASE_STRIP = NO;
				DEBUG_INFORMATION_FORMAT = "dwarf-with-dsym";
				ENABLE_NS_ASSERTIONS = NO;
				ENABLE_STRICT_OBJC_MSGSEND = YES;
				ENABLE_USER_SCRIPT_SANDBOXING = YES;
				GCC_C_LANGUAGE_STANDARD = gnu17;
				GCC_NO_COMMON_BLOCKS = YES;
				GCC_WARN_64_TO_32_BIT_CONVERSION = YES;
				GCC_WARN_ABOUT_RETURN_TYPE = YES_ERROR;
				GCC_WARN_UNDECLARED_SELECTOR = YES;
				GCC_WARN_UNINITIALIZED_AUTOS = YES_AGGRESSIVE;
				GCC_WARN_UNUSED_FUNCTION = YES;
				GCC_WARN_UNUSED_VARIABLE = YES;
				IPHONEOS_DEPLOYMENT_TARGET = 26.0;
				LOCALIZATION_PREFERS_STRING_CATALOGS = YES;
				MTL_ENABLE_DEBUG_INFO = NO;
				MTL_FAST_MATH = YES;
				SDKROOT = iphoneos;
				SWIFT_COMPILATION_MODE = wholemodule;
				VALIDATE_PRODUCT = YES;
			};
			name = Release;
		};
		32D747212EB3CC4100A15D5A /* Debug */ = {
			isa = XCBuildConfiguration;
			buildSettings = {
				ASSETCATALOG_COMPILER_APPICON_NAME = AppIcon;
				ASSETCATALOG_COMPILER_GLOBAL_ACCENT_COLOR_NAME = AccentColor;
				CODE_SIGN_STYLE = Automatic;
				CURRENT_PROJECT_VERSION = 1;
				ENABLE_PREVIEWS = YES;
				GENERATE_INFOPLIST_FILE = YES;
				INFOPLIST_KEY_UIApplicationSceneManifest_Generation = YES;
				INFOPLIST_KEY_UIApplicationSupportsIndirectInputEvents = YES;
				INFOPLIST_KEY_UILaunchScreen_Generation = YES;
				INFOPLIST_KEY_UISupportedInterfaceOrientations_iPad = "UIInterfaceOrientationPortrait UIInterfaceOrientationPortraitUpsideDown UIInterfaceOrientationLandscapeLeft UIInterfaceOrientationLandscapeRight";
				INFOPLIST_KEY_UISupportedInterfaceOrientations_iPhone = "UIInterfaceOrientationPortrait UIInterfaceOrientationLandscapeLeft UIInterfaceOrientationLandscapeRight";
				IPHONEOS_DEPLOYMENT_TARGET = 18.0;
				LD_RUNPATH_SEARCH_PATHS = (
					"$(inherited)",
					"@executable_path/Frameworks",
				);
				MARKETING_VERSION = 1.0;
				PRODUCT_BUNDLE_IDENTIFIER = com.HelloGT;
				PRODUCT_NAME = "$(TARGET_NAME)";
				STRING_CATALOG_GENERATE_SYMBOLS = YES;
				SUPPORTED_PLATFORMS = "iphoneos iphonesimulator";
				SUPPORTS_MACCATALYST = NO;
				SUPPORTS_MAC_DESIGNED_FOR_IPHONE_IPAD = NO;
				SWIFT_APPROACHABLE_CONCURRENCY = YES;
				SWIFT_DEFAULT_ACTOR_ISOLATION = MainActor;
				SWIFT_EMIT_LOC_STRINGS = YES;
				SWIFT_UPCOMING_FEATURE_MEMBER_IMPORT_VISIBILITY = YES;
				SWIFT_VERSION = 5.0;
				TARGETED_DEVICE_FAMILY = "1,2";
			};
			name = Debug;
		};
		32D747222EB3CC4100A15D5A /* Release */ = {
			isa = XCBuildConfiguration;
			buildSettings = {
				ASSETCATALOG_COMPILER_APPICON_NAME = AppIcon;
				ASSETCATALOG_COMPILER_GLOBAL_ACCENT_COLOR_NAME = AccentColor;
				CODE_SIGN_STYLE = Automatic;
				CURRENT_PROJECT_VERSION = 1;
				ENABLE_PREVIEWS = YES;
				GENERATE_INFOPLIST_FILE = YES;
				INFOPLIST_KEY_UIApplicationSceneManifest_Generation = YES;
				INFOPLIST_KEY_UIApplicationSupportsIndirectInputEvents = YES;
				INFOPLIST_KEY_UILaunchScreen_Generation = YES;
				INFOPLIST_KEY_UISupportedInterfaceOrientations_iPad = "UIInterfaceOrientationPortrait UIInterfaceOrientationPortraitUpsideDown UIInterfaceOrientationLandscapeLeft UIInterfaceOrientationLandscapeRight";
				INFOPLIST_KEY_UISupportedInterfaceOrientations_iPhone = "UIInterfaceOrientationPortrait UIInterfaceOrientationLandscapeLeft UIInterfaceOrientationLandscapeRight";
				IPHONEOS_DEPLOYMENT_TARGET = 18.0;
				LD_RUNPATH_SEARCH_PATHS = (
					"$(inherited)",
					"@executable_path/Frameworks",
				);
				MARKETING_VERSION = 1.0;
				PRODUCT_BUNDLE_IDENTIFIER = com.HelloGT;
				PRODUCT_NAME = "$(TARGET_NAME)";
				STRING_CATALOG_GENERATE_SYMBOLS = YES;
				SUPPORTED_PLATFORMS = "iphoneos iphonesimulator";
				SUPPORTS_MACCATALYST = NO;
				SUPPORTS_MAC_DESIGNED_FOR_IPHONE_IPAD = NO;
				SWIFT_APPROACHABLE_CONCURRENCY = YES;
				SWIFT_DEFAULT_ACTOR_ISOLATION = MainActor;
				SWIFT_EMIT_LOC_STRINGS = YES;
				SWIFT_UPCOMING_FEATURE_MEMBER_IMPORT_VISIBILITY = YES;
				SWIFT_VERSION = 5.0;
				TARGETED_DEVICE_FAMILY = "1,2";
			};
			name = Release;
		};
/* End XCBuildConfiguration section */

/* Begin XCConfigurationList section */
		32D747102EB3CC4000A15D5A /* Build configuration list for PBXProject "HelloGT" */ = {
			isa = XCConfigurationList;
			buildConfigurations = (
				32D7471E2EB3CC4100A15D5A /* Debug */,
				32D7471F2EB3CC4100A15D5A /* Release */,
			);
			defaultConfigurationIsVisible = 0;
			defaultConfigurationName = Release;
		};
		32D747202EB3CC4100A15D5A /* Build configuration list for PBXNativeTarget "HelloGT" */ = {
			isa = XCConfigurationList;
			buildConfigurations = (
				32D747212EB3CC4100A15D5A /* Debug */,
				32D747222EB3CC4100A15D5A /* Release */,
			);
			defaultConfigurationIsVisible = 0;
			defaultConfigurationName = Release;
		};
/* End XCConfigurationList section */

/* Begin XCRemoteSwiftPackageReference section */
		32A685FA2ECABA4900533C12 /* XCRemoteSwiftPackageReference "firebase-ios-sdk" */ = {
			isa = XCRemoteSwiftPackageReference;
			repositoryURL = "https://github.com/firebase/firebase-ios-sdk";
			requirement = {
				kind = upToNextMajorVersion;
				minimumVersion = 12.6.0;
			};
		};
/* End XCRemoteSwiftPackageReference section */

/* Begin XCSwiftPackageProductDependency section */
		329934462ECABD75004FB772 /* FirebaseAnalytics */ = {
			isa = XCSwiftPackageProductDependency;
			package = 32A685FA2ECABA4900533C12 /* XCRemoteSwiftPackageReference "firebase-ios-sdk" */;
			productName = FirebaseAnalytics;
		};
		329934482ECABD75004FB772 /* FirebaseAuth */ = {
			isa = XCSwiftPackageProductDependency;
			package = 32A685FA2ECABA4900533C12 /* XCRemoteSwiftPackageReference "firebase-ios-sdk" */;
			productName = FirebaseAuth;
		};
		3299344A2ECABD75004FB772 /* FirebaseFirestore */ = {
			isa = XCSwiftPackageProductDependency;
			package = 32A685FA2ECABA4900533C12 /* XCRemoteSwiftPackageReference "firebase-ios-sdk" */;
			productName = FirebaseFirestore;
		};
		3299344C2ECABD75004FB772 /* FirebaseMessaging */ = {
			isa = XCSwiftPackageProductDependency;
			package = 32A685FA2ECABA4900533C12 /* XCRemoteSwiftPackageReference "firebase-ios-sdk" */;
			productName = FirebaseMessaging;
		};
		3299344E2ECABD75004FB772 /* FirebaseStorage */ = {
			isa = XCSwiftPackageProductDependency;
			package = 32A685FA2ECABA4900533C12 /* XCRemoteSwiftPackageReference "firebase-ios-sdk" */;
			productName = FirebaseStorage;
		};
		32B2FB862ECD635B00294E23 /* FirebaseStorageCombine-Community */ = {
			isa = XCSwiftPackageProductDependency;
			package = 32A685FA2ECABA4900533C12 /* XCRemoteSwiftPackageReference "firebase-ios-sdk" */;
			productName = "FirebaseStorageCombine-Community";
		};
/* End XCSwiftPackageProductDependency section */
	};
	rootObject = 32D7470D2EB3CC4000A15D5A /* Project object */;
}
